
Microsoft Visual Studio Solution File, Format Version 12.00
Project("{FAE04EC0-301F-11D3-BF4B-00C04F79EFBC}") = "CargoDelivery.API", "CargoDelivery.API\CargoDelivery.API.csproj", "{2587845B-2E1D-4790-B064-EE370999F663}"
EndProject
Global
	GlobalSection(SolutionConfigurationPlatforms) = preSolution
		Debug|Any CPU = Debug|Any CPU
		Release|Any CPU = Release|Any CPU
	EndGlobalSection
	GlobalSection(ProjectConfigurationPlatforms) = postSolution
		{2587845B-2E1D-4790-B064-EE370999F663}.Debug|Any CPU.ActiveCfg = Debug|Any CPU
		{2587845B-2E1D-4790-B064-EE370999F663}.Debug|Any CPU.Build.0 = Debug|Any CPU
		{2587845B-2E1D-4790-B064-EE370999F663}.Release|Any CPU.ActiveCfg = Release|Any CPU
		{2587845B-2E1D-4790-B064-EE370999F663}.Release|Any CPU.Build.0 = Release|Any CPU
	EndGlobalSection
EndGlobal
